// !$*UTF8*$!
{
	archiveVersion = 1;
	classes = {
	};
	objectVersion = 46;
	objects = {

/* Begin PBXBuildFile section */
		75584FD11F5E456F003C41E4 /* WB_DeviceType_Action.m in Sources */ = {isa = PBXBuildFile; fileRef = 75584FD01F5E456F003C41E4 /* WB_DeviceType_Action.m */; };
		75584FD41F5E745F003C41E4 /* Wanbu_BlueToothUtility.m in Sources */ = {isa = PBXBuildFile; fileRef = 75584FD31F5E745F003C41E4 /* Wanbu_BlueToothUtility.m */; settings = {COMPILER_FLAGS = "-fno-objc-arc"; }; };
		755850001F626078003C41E4 /* NSObject+WB_Device.m in Sources */ = {isa = PBXBuildFile; fileRef = 75584FFF1F626078003C41E4 /* NSObject+WB_Device.m */; };
		755850031F626496003C41E4 /* NSObject+WB_BLEManager.m in Sources */ = {isa = PBXBuildFile; fileRef = 755850021F626496003C41E4 /* NSObject+WB_BLEManager.m */; };
		755850061F626E51003C41E4 /* NSObject+WB_DevOpa.m in Sources */ = {isa = PBXBuildFile; fileRef = 755850051F626E51003C41E4 /* NSObject+WB_DevOpa.m */; };
		757F91131F3C4D8500D63D55 /* main.m in Sources */ = {isa = PBXBuildFile; fileRef = 757F91121F3C4D8500D63D55 /* main.m */; };
		757F91161F3C4D8500D63D55 /* AppDelegate.m in Sources */ = {isa = PBXBuildFile; fileRef = 757F91151F3C4D8500D63D55 /* AppDelegate.m */; };
		757F91191F3C4D8500D63D55 /* ViewController.m in Sources */ = {isa = PBXBuildFile; fileRef = 757F91181F3C4D8500D63D55 /* ViewController.m */; };
		757F911C1F3C4D8600D63D55 /* Main.storyboard in Resources */ = {isa = PBXBuildFile; fileRef = 757F911A1F3C4D8600D63D55 /* Main.storyboard */; };
		757F911E1F3C4D8600D63D55 /* Assets.xcassets in Resources */ = {isa = PBXBuildFile; fileRef = 757F911D1F3C4D8600D63D55 /* Assets.xcassets */; };
		757F91211F3C4D8600D63D55 /* LaunchScreen.storyboard in Resources */ = {isa = PBXBuildFile; fileRef = 757F911F1F3C4D8600D63D55 /* LaunchScreen.storyboard */; };
		757F91791F428F7C00D63D55 /* CoreBluetooth.framework in Frameworks */ = {isa = PBXBuildFile; fileRef = 757F91781F428F7C00D63D55 /* CoreBluetooth.framework */; };
		75867BB31F57E3B7003E4A6D /* WB_BLEManager.m in Sources */ = {isa = PBXBuildFile; fileRef = 75867BB21F57E3B7003E4A6D /* WB_BLEManager.m */; };
		75867BB61F57E573003E4A6D /* WB_Device.m in Sources */ = {isa = PBXBuildFile; fileRef = 75867BB51F57E573003E4A6D /* WB_Device.m */; };
		75867BBD1F57E5F3003E4A6D /* WB_Pedometer.m in Sources */ = {isa = PBXBuildFile; fileRef = 75867BBC1F57E5F3003E4A6D /* WB_Pedometer.m */; };
		75867BC11F57E658003E4A6D /* WB_Scale.m in Sources */ = {isa = PBXBuildFile; fileRef = 75867BC01F57E658003E4A6D /* WB_Scale.m */; };
		75867BC41F57E674003E4A6D /* WB_TW776.m in Sources */ = {isa = PBXBuildFile; fileRef = 75867BC31F57E674003E4A6D /* WB_TW776.m */; };
		75867BC71F57E690003E4A6D /* WB_SW556.m in Sources */ = {isa = PBXBuildFile; fileRef = 75867BC61F57E690003E4A6D /* WB_SW556.m */; };
		75867BCE1F57E8E6003E4A6D /* WB_AMPM_Model.m in Sources */ = {isa = PBXBuildFile; fileRef = 75867BCD1F57E8E6003E4A6D /* WB_AMPM_Model.m */; };
		75867BD11F57EC70003E4A6D /* WB_actionModel.m in Sources */ = {isa = PBXBuildFile; fileRef = 75867BD01F57EC70003E4A6D /* WB_actionModel.m */; };
		75867BD41F57F059003E4A6D /* WB_TW776_SomethingModel.m in Sources */ = {isa = PBXBuildFile; fileRef = 75867BD31F57F059003E4A6D /* WB_TW776_SomethingModel.m */; };
		75867BD81F57F43B003E4A6D /* WB_DevOpe.m in Sources */ = {isa = PBXBuildFile; fileRef = 75867BD71F57F43B003E4A6D /* WB_DevOpe.m */; };
		75867BDE1F593251003E4A6D /* WB_AMPM_Setting_Action.m in Sources */ = {isa = PBXBuildFile; fileRef = 75867BDD1F593251003E4A6D /* WB_AMPM_Setting_Action.m */; };
		75867BE21F59358A003E4A6D /* WB_776_Something_Action.m in Sources */ = {isa = PBXBuildFile; fileRef = 75867BE11F59358A003E4A6D /* WB_776_Something_Action.m */; };
/* End PBXBuildFile section */

/* Begin PBXFileReference section */
		75584FCF1F5E456F003C41E4 /* WB_DeviceType_Action.h */ = {isa = PBXFileReference; fileEncoding = 4; lastKnownFileType = sourcecode.c.h; name = WB_DeviceType_Action.h; path = Device/WB_DeviceType_Action.h; sourceTree = "<group>"; };
		75584FD01F5E456F003C41E4 /* WB_DeviceType_Action.m */ = {isa = PBXFileReference; fileEncoding = 4; lastKnownFileType = sourcecode.c.objc; name = WB_DeviceType_Action.m; path = Device/WB_DeviceType_Action.m; sourceTree = "<group>"; };
		75584FD21F5E745F003C41E4 /* Wanbu_BlueToothUtility.h */ = {isa = PBXFileReference; fileEncoding = 4; lastKnownFileType = sourcecode.c.h; path = Wanbu_BlueToothUtility.h; sourceTree = "<group>"; };
		75584FD31F5E745F003C41E4 /* Wanbu_BlueToothUtility.m */ = {isa = PBXFileReference; fileEncoding = 4; lastKnownFileType = sourcecode.c.objc; path = Wanbu_BlueToothUtility.m; sourceTree = "<group>"; };
		75584FFE1F626078003C41E4 /* NSObject+WB_Device.h */ = {isa = PBXFileReference; fileEncoding = 4; lastKnownFileType = sourcecode.c.h; path = "NSObject+WB_Device.h"; sourceTree = "<group>"; };
		75584FFF1F626078003C41E4 /* NSObject+WB_Device.m */ = {isa = PBXFileReference; fileEncoding = 4; lastKnownFileType = sourcecode.c.objc; path = "NSObject+WB_Device.m"; sourceTree = "<group>"; };
		755850011F626496003C41E4 /* NSObject+WB_BLEManager.h */ = {isa = PBXFileReference; fileEncoding = 4; lastKnownFileType = sourcecode.c.h; path = "NSObject+WB_BLEManager.h"; sourceTree = "<group>"; };
		755850021F626496003C41E4 /* NSObject+WB_BLEManager.m */ = {isa = PBXFileReference; fileEncoding = 4; lastKnownFileType = sourcecode.c.objc; path = "NSObject+WB_BLEManager.m"; sourceTree = "<group>"; };
		755850041F626E51003C41E4 /* NSObject+WB_DevOpa.h */ = {isa = PBXFileReference; fileEncoding = 4; lastKnownFileType = sourcecode.c.h; path = "NSObject+WB_DevOpa.h"; sourceTree = "<group>"; };
		755850051F626E51003C41E4 /* NSObject+WB_DevOpa.m */ = {isa = PBXFileReference; fileEncoding = 4; lastKnownFileType = sourcecode.c.objc; path = "NSObject+WB_DevOpa.m"; sourceTree = "<group>"; };
		757F910E1F3C4D8500D63D55 /* SDK_Demo.app */ = {isa = PBXFileReference; explicitFileType = wrapper.application; includeInIndex = 0; path = SDK_Demo.app; sourceTree = BUILT_PRODUCTS_DIR; };
		757F91121F3C4D8500D63D55 /* main.m */ = {isa = PBXFileReference; lastKnownFileType = sourcecode.c.objc; path = main.m; sourceTree = "<group>"; };
		757F91141F3C4D8500D63D55 /* AppDelegate.h */ = {isa = PBXFileReference; lastKnownFileType = sourcecode.c.h; path = AppDelegate.h; sourceTree = "<group>"; };
		757F91151F3C4D8500D63D55 /* AppDelegate.m */ = {isa = PBXFileReference; lastKnownFileType = sourcecode.c.objc; path = AppDelegate.m; sourceTree = "<group>"; };
		757F91171F3C4D8500D63D55 /* ViewController.h */ = {isa = PBXFileReference; lastKnownFileType = sourcecode.c.h; path = ViewController.h; sourceTree = "<group>"; };
		757F91181F3C4D8500D63D55 /* ViewController.m */ = {isa = PBXFileReference; lastKnownFileType = sourcecode.c.objc; path = ViewController.m; sourceTree = "<group>"; };
		757F911B1F3C4D8600D63D55 /* Base */ = {isa = PBXFileReference; lastKnownFileType = file.storyboard; name = Base; path = Base.lproj/Main.storyboard; sourceTree = "<group>"; };
		757F911D1F3C4D8600D63D55 /* Assets.xcassets */ = {isa = PBXFileReference; lastKnownFileType = folder.assetcatalog; path = Assets.xcassets; sourceTree = "<group>"; };
		757F91201F3C4D8600D63D55 /* Base */ = {isa = PBXFileReference; lastKnownFileType = file.storyboard; name = Base; path = Base.lproj/LaunchScreen.storyboard; sourceTree = "<group>"; };
		757F91221F3C4D8600D63D55 /* Info.plist */ = {isa = PBXFileReference; lastKnownFileType = text.plist.xml; path = Info.plist; sourceTree = "<group>"; };
		757F91781F428F7C00D63D55 /* CoreBluetooth.framework */ = {isa = PBXFileReference; lastKnownFileType = wrapper.framework; name = CoreBluetooth.framework; path = System/Library/Frameworks/CoreBluetooth.framework; sourceTree = SDKROOT; };
		75867BB11F57E3B7003E4A6D /* WB_BLEManager.h */ = {isa = PBXFileReference; fileEncoding = 4; lastKnownFileType = sourcecode.c.h; name = WB_BLEManager.h; path = BLE/WB_BLEManager.h; sourceTree = "<group>"; };
		75867BB21F57E3B7003E4A6D /* WB_BLEManager.m */ = {isa = PBXFileReference; fileEncoding = 4; lastKnownFileType = sourcecode.c.objc; name = WB_BLEManager.m; path = BLE/WB_BLEManager.m; sourceTree = "<group>"; };
		75867BB41F57E573003E4A6D /* WB_Device.h */ = {isa = PBXFileReference; fileEncoding = 4; lastKnownFileType = sourcecode.c.h; name = WB_Device.h; path = Device/WB_Device.h; sourceTree = "<group>"; };
		75867BB51F57E573003E4A6D /* WB_Device.m */ = {isa = PBXFileReference; fileEncoding = 4; lastKnownFileType = sourcecode.c.objc; name = WB_Device.m; path = Device/WB_Device.m; sourceTree = "<group>"; };
		75867BBB1F57E5F3003E4A6D /* WB_Pedometer.h */ = {isa = PBXFileReference; fileEncoding = 4; lastKnownFileType = sourcecode.c.h; name = WB_Pedometer.h; path = Pedometer/WB_Pedometer.h; sourceTree = "<group>"; };
		75867BBC1F57E5F3003E4A6D /* WB_Pedometer.m */ = {isa = PBXFileReference; fileEncoding = 4; lastKnownFileType = sourcecode.c.objc; name = WB_Pedometer.m; path = Pedometer/WB_Pedometer.m; sourceTree = "<group>"; };
		75867BBF1F57E658003E4A6D /* WB_Scale.h */ = {isa = PBXFileReference; fileEncoding = 4; lastKnownFileType = sourcecode.c.h; name = WB_Scale.h; path = Scale/WB_Scale.h; sourceTree = "<group>"; };
		75867BC01F57E658003E4A6D /* WB_Scale.m */ = {isa = PBXFileReference; fileEncoding = 4; lastKnownFileType = sourcecode.c.objc; name = WB_Scale.m; path = Scale/WB_Scale.m; sourceTree = "<group>"; };
		75867BC21F57E674003E4A6D /* WB_TW776.h */ = {isa = PBXFileReference; fileEncoding = 4; lastKnownFileType = sourcecode.c.h; name = WB_TW776.h; path = Pedometer/WB_TW776.h; sourceTree = "<group>"; };
		75867BC31F57E674003E4A6D /* WB_TW776.m */ = {isa = PBXFileReference; fileEncoding = 4; lastKnownFileType = sourcecode.c.objc; name = WB_TW776.m; path = Pedometer/WB_TW776.m; sourceTree = "<group>"; };
		75867BC51F57E690003E4A6D /* WB_SW556.h */ = {isa = PBXFileReference; fileEncoding = 4; lastKnownFileType = sourcecode.c.h; name = WB_SW556.h; path = Scale/WB_SW556.h; sourceTree = "<group>"; };
		75867BC61F57E690003E4A6D /* WB_SW556.m */ = {isa = PBXFileReference; fileEncoding = 4; lastKnownFileType = sourcecode.c.objc; name = WB_SW556.m; path = Scale/WB_SW556.m; sourceTree = "<group>"; };
		75867BCC1F57E8E6003E4A6D /* WB_AMPM_Model.h */ = {isa = PBXFileReference; fileEncoding = 4; lastKnownFileType = sourcecode.c.h; name = WB_AMPM_Model.h; path = Pedometer/ActionModel/WB_AMPM_Model.h; sourceTree = "<group>"; };
		75867BCD1F57E8E6003E4A6D /* WB_AMPM_Model.m */ = {isa = PBXFileReference; fileEncoding = 4; lastKnownFileType = sourcecode.c.objc; name = WB_AMPM_Model.m; path = Pedometer/ActionModel/WB_AMPM_Model.m; sourceTree = "<group>"; };
		75867BCF1F57EC70003E4A6D /* WB_actionModel.h */ = {isa = PBXFileReference; fileEncoding = 4; lastKnownFileType = sourcecode.c.h; path = WB_actionModel.h; sourceTree = "<group>"; };
		75867BD01F57EC70003E4A6D /* WB_actionModel.m */ = {isa = PBXFileReference; fileEncoding = 4; lastKnownFileType = sourcecode.c.objc; path = WB_actionModel.m; sourceTree = "<group>"; };
		75867BD21F57F059003E4A6D /* WB_TW776_SomethingModel.h */ = {isa = PBXFileReference; fileEncoding = 4; lastKnownFileType = sourcecode.c.h; name = WB_TW776_SomethingModel.h; path = Pedometer/ActionModel/WB_TW776_SomethingModel.h; sourceTree = "<group>"; };
		75867BD31F57F059003E4A6D /* WB_TW776_SomethingModel.m */ = {isa = PBXFileReference; fileEncoding = 4; lastKnownFileType = sourcecode.c.objc; name = WB_TW776_SomethingModel.m; path = Pedometer/ActionModel/WB_TW776_SomethingModel.m; sourceTree = "<group>"; };
		75867BD61F57F43B003E4A6D /* WB_DevOpe.h */ = {isa = PBXFileReference; fileEncoding = 4; lastKnownFileType = sourcecode.c.h; name = WB_DevOpe.h; path = API/WB_DevOpe.h; sourceTree = "<group>"; };
		75867BD71F57F43B003E4A6D /* WB_DevOpe.m */ = {isa = PBXFileReference; fileEncoding = 4; lastKnownFileType = sourcecode.c.objc; name = WB_DevOpe.m; path = API/WB_DevOpe.m; sourceTree = "<group>"; };
		75867BDC1F593251003E4A6D /* WB_AMPM_Setting_Action.h */ = {isa = PBXFileReference; fileEncoding = 4; lastKnownFileType = sourcecode.c.h; name = WB_AMPM_Setting_Action.h; path = Pedometer/ActionModel/WB_AMPM_Setting_Action.h; sourceTree = "<group>"; };
		75867BDD1F593251003E4A6D /* WB_AMPM_Setting_Action.m */ = {isa = PBXFileReference; fileEncoding = 4; lastKnownFileType = sourcecode.c.objc; name = WB_AMPM_Setting_Action.m; path = Pedometer/ActionModel/WB_AMPM_Setting_Action.m; sourceTree = "<group>"; };
		75867BE01F59358A003E4A6D /* WB_776_Something_Action.h */ = {isa = PBXFileReference; fileEncoding = 4; lastKnownFileType = sourcecode.c.h; name = WB_776_Something_Action.h; path = Device/WB_776_Something_Action.h; sourceTree = "<group>"; };
		75867BE11F59358A003E4A6D /* WB_776_Something_Action.m */ = {isa = PBXFileReference; fileEncoding = 4; lastKnownFileType = sourcecode.c.objc; name = WB_776_Something_Action.m; path = Device/WB_776_Something_Action.m; sourceTree = "<group>"; };
/* End PBXFileReference section */

/* Begin PBXFrameworksBuildPhase section */
		757F910B1F3C4D8500D63D55 /* Frameworks */ = {
			isa = PBXFrameworksBuildPhase;
			buildActionMask = 2147483647;
			files = (
				757F91791F428F7C00D63D55 /* CoreBluetooth.framework in Frameworks */,
			);
			runOnlyForDeploymentPostprocessing = 0;
		};
/* End PBXFrameworksBuildPhase section */

/* Begin PBXGroup section */
		757F91051F3C4D8400D63D55 = {
			isa = PBXGroup;
			children = (
				757F91101F3C4D8500D63D55 /* SDK_Demo */,
				757F910F1F3C4D8500D63D55 /* Products */,
				757F91771F428F7C00D63D55 /* Frameworks */,
			);
			sourceTree = "<group>";
		};
		757F910F1F3C4D8500D63D55 /* Products */ = {
			isa = PBXGroup;
			children = (
				757F910E1F3C4D8500D63D55 /* SDK_Demo.app */,
			);
			name = Products;
			sourceTree = "<group>";
		};
		757F91101F3C4D8500D63D55 /* SDK_Demo */ = {
			isa = PBXGroup;
			children = (
				75867BAB1F57D5EA003E4A6D /* SDK_2 */,
				757F91141F3C4D8500D63D55 /* AppDelegate.h */,
				757F91151F3C4D8500D63D55 /* AppDelegate.m */,
				757F91171F3C4D8500D63D55 /* ViewController.h */,
				757F91181F3C4D8500D63D55 /* ViewController.m */,
				757F911A1F3C4D8600D63D55 /* Main.storyboard */,
				757F911D1F3C4D8600D63D55 /* Assets.xcassets */,
				757F911F1F3C4D8600D63D55 /* LaunchScreen.storyboard */,
				757F91221F3C4D8600D63D55 /* Info.plist */,
				757F91111F3C4D8500D63D55 /* Supporting Files */,
			);
			path = SDK_Demo;
			sourceTree = "<group>";
		};
		757F91111F3C4D8500D63D55 /* Supporting Files */ = {
			isa = PBXGroup;
			children = (
				757F91121F3C4D8500D63D55 /* main.m */,
			);
			name = "Supporting Files";
			sourceTree = "<group>";
		};
		757F91771F428F7C00D63D55 /* Frameworks */ = {
			isa = PBXGroup;
			children = (
				757F91781F428F7C00D63D55 /* CoreBluetooth.framework */,
			);
			name = Frameworks;
			sourceTree = "<group>";
		};
		75867BAB1F57D5EA003E4A6D /* SDK_2 */ = {
			isa = PBXGroup;
			children = (
				75867BDF1F5934B4003E4A6D /* action */,
				75867BC81F57E821003E4A6D /* Model */,
				75867BD51F57F408003E4A6D /* API */,
				75867BB01F57E137003E4A6D /* Source */,
				75867BAF1F57E123003E4A6D /* Device */,
				75867BAE1F57E11B003E4A6D /* Tools */,
				75867BAC1F57D5FD003E4A6D /* BLE */,
			);
			name = SDK_2;
			sourceTree = "<group>";
		};
		75867BAC1F57D5FD003E4A6D /* BLE */ = {
			isa = PBXGroup;
			children = (
				75867BB11F57E3B7003E4A6D /* WB_BLEManager.h */,
				75867BB21F57E3B7003E4A6D /* WB_BLEManager.m */,
				755850011F626496003C41E4 /* NSObject+WB_BLEManager.h */,
				755850021F626496003C41E4 /* NSObject+WB_BLEManager.m */,
			);
			name = BLE;
			sourceTree = "<group>";
		};
		75867BAE1F57E11B003E4A6D /* Tools */ = {
			isa = PBXGroup;
			children = (
				75584FD21F5E745F003C41E4 /* Wanbu_BlueToothUtility.h */,
				75584FD31F5E745F003C41E4 /* Wanbu_BlueToothUtility.m */,
			);
			name = Tools;
			sourceTree = "<group>";
		};
		75867BAF1F57E123003E4A6D /* Device */ = {
			isa = PBXGroup;
			children = (
				75867BB41F57E573003E4A6D /* WB_Device.h */,
				75867BB51F57E573003E4A6D /* WB_Device.m */,
				75584FFE1F626078003C41E4 /* NSObject+WB_Device.h */,
				75584FFF1F626078003C41E4 /* NSObject+WB_Device.m */,
				75867BBE1F57E5FD003E4A6D /* Scale */,
				75867BBA1F57E5C8003E4A6D /* Pedometer */,
			);
			name = Device;
			sourceTree = "<group>";
		};
		75867BB01F57E137003E4A6D /* Source */ = {
			isa = PBXGroup;
			children = (
			);
			name = Source;
			sourceTree = "<group>";
		};
		75867BBA1F57E5C8003E4A6D /* Pedometer */ = {
			isa = PBXGroup;
			children = (
				75867BBB1F57E5F3003E4A6D /* WB_Pedometer.h */,
				75867BBC1F57E5F3003E4A6D /* WB_Pedometer.m */,
				75867BC21F57E674003E4A6D /* WB_TW776.h */,
				75867BC31F57E674003E4A6D /* WB_TW776.m */,
			);
			name = Pedometer;
			sourceTree = "<group>";
		};
		75867BBE1F57E5FD003E4A6D /* Scale */ = {
			isa = PBXGroup;
			children = (
				75867BBF1F57E658003E4A6D /* WB_Scale.h */,
				75867BC01F57E658003E4A6D /* WB_Scale.m */,
				75867BC51F57E690003E4A6D /* WB_SW556.h */,
				75867BC61F57E690003E4A6D /* WB_SW556.m */,
			);
			name = Scale;
			sourceTree = "<group>";
		};
		75867BC81F57E821003E4A6D /* Model */ = {
			isa = PBXGroup;
			children = (
				75867BCC1F57E8E6003E4A6D /* WB_AMPM_Model.h */,
				75867BCD1F57E8E6003E4A6D /* WB_AMPM_Model.m */,
				75867BD21F57F059003E4A6D /* WB_TW776_SomethingModel.h */,
				75867BD31F57F059003E4A6D /* WB_TW776_SomethingModel.m */,
			);
			name = Model;
			sourceTree = "<group>";
		};
		75867BD51F57F408003E4A6D /* API */ = {
			isa = PBXGroup;
			children = (
				75867BD61F57F43B003E4A6D /* WB_DevOpe.h */,
				75867BD71F57F43B003E4A6D /* WB_DevOpe.m */,
				755850041F626E51003C41E4 /* NSObject+WB_DevOpa.h */,
				755850051F626E51003C41E4 /* NSObject+WB_DevOpa.m */,
			);
			name = API;
			sourceTree = "<group>";
		};
		75867BDF1F5934B4003E4A6D /* action */ = {
			isa = PBXGroup;
			children = (
				75867BCF1F57EC70003E4A6D /* WB_actionModel.h */,
				75867BD01F57EC70003E4A6D /* WB_actionModel.m */,
				75867BDC1F593251003E4A6D /* WB_AMPM_Setting_Action.h */,
				75867BDD1F593251003E4A6D /* WB_AMPM_Setting_Action.m */,
				75867BE01F59358A003E4A6D /* WB_776_Something_Action.h */,
				75867BE11F59358A003E4A6D /* WB_776_Something_Action.m */,
				75584FCF1F5E456F003C41E4 /* WB_DeviceType_Action.h */,
				75584FD01F5E456F003C41E4 /* WB_DeviceType_Action.m */,
			);
			name = action;
			sourceTree = "<group>";
		};
/* End PBXGroup section */

/* Begin PBXNativeTarget section */
		757F910D1F3C4D8500D63D55 /* SDK_Demo */ = {
			isa = PBXNativeTarget;
			buildConfigurationList = 757F91251F3C4D8600D63D55 /* Build configuration list for PBXNativeTarget "SDK_Demo" */;
			buildPhases = (
				757F910A1F3C4D8500D63D55 /* Sources */,
				757F910B1F3C4D8500D63D55 /* Frameworks */,
				757F910C1F3C4D8500D63D55 /* Resources */,
			);
			buildRules = (
			);
			dependencies = (
			);
			name = SDK_Demo;
			productName = SDK_Demo;
			productReference = 757F910E1F3C4D8500D63D55 /* SDK_Demo.app */;
			productType = "com.apple.product-type.application";
		};
/* End PBXNativeTarget section */

/* Begin PBXProject section */
		757F91061F3C4D8500D63D55 /* Project object */ = {
			isa = PBXProject;
			attributes = {
				LastUpgradeCheck = 0830;
				ORGANIZATIONNAME = zhangze;
				TargetAttributes = {
					757F910D1F3C4D8500D63D55 = {
						CreatedOnToolsVersion = 8.3.3;
						DevelopmentTeam = MGUE6PBM4X;
						ProvisioningStyle = Automatic;
					};
				};
			};
			buildConfigurationList = 757F91091F3C4D8500D63D55 /* Build configuration list for PBXProject "SDK_Demo" */;
			compatibilityVersion = "Xcode 3.2";
			developmentRegion = English;
			hasScannedForEncodings = 0;
			knownRegions = (
				en,
				Base,
			);
			mainGroup = 757F91051F3C4D8400D63D55;
			productRefGroup = 757F910F1F3C4D8500D63D55 /* Products */;
			projectDirPath = "";
			projectRoot = "";
			targets = (
				757F910D1F3C4D8500D63D55 /* SDK_Demo */,
			);
		};
/* End PBXProject section */

/* Begin PBXResourcesBuildPhase section */
		757F910C1F3C4D8500D63D55 /* Resources */ = {
			isa = PBXResourcesBuildPhase;
			buildActionMask = 2147483647;
			files = (
				757F91211F3C4D8600D63D55 /* LaunchScreen.storyboard in Resources */,
				757F911E1F3C4D8600D63D55 /* Assets.xcassets in Resources */,
				757F911C1F3C4D8600D63D55 /* Main.storyboard in Resources */,
			);
			runOnlyForDeploymentPostprocessing = 0;
		};
/* End PBXResourcesBuildPhase section */

/* Begin PBXSourcesBuildPhase section */
		757F910A1F3C4D8500D63D55 /* Sources */ = {
			isa = PBXSourcesBuildPhase;
			buildActionMask = 2147483647;
			files = (
				75867BD41F57F059003E4A6D /* WB_TW776_SomethingModel.m in Sources */,
				755850031F626496003C41E4 /* NSObject+WB_BLEManager.m in Sources */,
				75867BD81F57F43B003E4A6D /* WB_DevOpe.m in Sources */,
				75867BBD1F57E5F3003E4A6D /* WB_Pedometer.m in Sources */,
				757F91191F3C4D8500D63D55 /* ViewController.m in Sources */,
				75867BB31F57E3B7003E4A6D /* WB_BLEManager.m in Sources */,
				75867BDE1F593251003E4A6D /* WB_AMPM_Setting_Action.m in Sources */,
				75867BCE1F57E8E6003E4A6D /* WB_AMPM_Model.m in Sources */,
				75584FD41F5E745F003C41E4 /* Wanbu_BlueToothUtility.m in Sources */,
				755850061F626E51003C41E4 /* NSObject+WB_DevOpa.m in Sources */,
				75867BE21F59358A003E4A6D /* WB_776_Something_Action.m in Sources */,
				75584FD11F5E456F003C41E4 /* WB_DeviceType_Action.m in Sources */,
				75867BD11F57EC70003E4A6D /* WB_actionModel.m in Sources */,
				75867BC11F57E658003E4A6D /* WB_Scale.m in Sources */,
				755850001F626078003C41E4 /* NSObject+WB_Device.m in Sources */,
				757F91161F3C4D8500D63D55 /* AppDelegate.m in Sources */,
				757F91131F3C4D8500D63D55 /* main.m in Sources */,
				75867BC71F57E690003E4A6D /* WB_SW556.m in Sources */,
				75867BB61F57E573003E4A6D /* WB_Device.m in Sources */,
				75867BC41F57E674003E4A6D /* WB_TW776.m in Sources */,
			);
			runOnlyForDeploymentPostprocessing = 0;
		};
/* End PBXSourcesBuildPhase section */

/* Begin PBXVariantGroup section */
		757F911A1F3C4D8600D63D55 /* Main.storyboard */ = {
			isa = PBXVariantGroup;
			children = (
				757F911B1F3C4D8600D63D55 /* Base */,
			);
			name = Main.storyboard;
			sourceTree = "<group>";
		};
		757F911F1F3C4D8600D63D55 /* LaunchScreen.storyboard */ = {
			isa = PBXVariantGroup;
			children = (
				757F91201F3C4D8600D63D55 /* Base */,
			);
			name = LaunchScreen.storyboard;
			sourceTree = "<group>";
		};
/* End PBXVariantGroup section */

/* Begin XCBuildConfiguration section */
		757F91231F3C4D8600D63D55 /* Debug */ = {
			isa = XCBuildConfiguration;
			buildSettings = {
				ALWAYS_SEARCH_USER_PATHS = NO;
				CLANG_ANALYZER_NONNULL = YES;
				CLANG_ANALYZER_NUMBER_OBJECT_CONVERSION = YES_AGGRESSIVE;
				CLANG_CXX_LANGUAGE_STANDARD = "gnu++0x";
				CLANG_CXX_LIBRARY = "libc++";
				CLANG_ENABLE_MODULES = YES;
				CLANG_ENABLE_OBJC_ARC = YES;
				CLANG_WARN_BOOL_CONVERSION = YES;
				CLANG_WARN_CONSTANT_CONVERSION = YES;
				CLANG_WARN_DIRECT_OBJC_ISA_USAGE = YES_ERROR;
				CLANG_WARN_DOCUMENTATION_COMMENTS = YES;
				CLANG_WARN_EMPTY_BODY = YES;
				CLANG_WARN_ENUM_CONVERSION = YES;
				CLANG_WARN_INFINITE_RECURSION = YES;
				CLANG_WARN_INT_CONVERSION = YES;
				CLANG_WARN_OBJC_ROOT_CLASS = YES_ERROR;
				CLANG_WARN_SUSPICIOUS_MOVE = YES;
				CLANG_WARN_UNREACHABLE_CODE = YES;
				CLANG_WARN__DUPLICATE_METHOD_MATCH = YES;
				"CODE_SIGN_IDENTITY[sdk=iphoneos*]" = "";
				COPY_PHASE_STRIP = NO;
				DEBUG_INFORMATION_FORMAT = dwarf;
				ENABLE_STRICT_OBJC_MSGSEND = YES;
				ENABLE_TESTABILITY = YES;
				GCC_C_LANGUAGE_STANDARD = gnu99;
				GCC_DYNAMIC_NO_PIC = NO;
				GCC_NO_COMMON_BLOCKS = YES;
				GCC_OPTIMIZATION_LEVEL = 0;
				GCC_PREPROCESSOR_DEFINITIONS = (
					"DEBUG=1",
					"$(inherited)",
				);
				GCC_WARN_64_TO_32_BIT_CONVERSION = YES;
				GCC_WARN_ABOUT_RETURN_TYPE = YES_ERROR;
				GCC_WARN_UNDECLARED_SELECTOR = YES;
				GCC_WARN_UNINITIALIZED_AUTOS = YES_AGGRESSIVE;
				GCC_WARN_UNUSED_FUNCTION = YES;
				GCC_WARN_UNUSED_VARIABLE = YES;
				IPHONEOS_DEPLOYMENT_TARGET = 10.3;
				MTL_ENABLE_DEBUG_INFO = YES;
				ONLY_ACTIVE_ARCH = YES;
				SDKROOT = iphoneos;
				TARGETED_DEVICE_FAMILY = "1,2";
			};
			name = Debug;
		};
		757F91241F3C4D8600D63D55 /* Release */ = {
			isa = XCBuildConfiguration;
			buildSettings = {
				ALWAYS_SEARCH_USER_PATHS = NO;
				CLANG_ANALYZER_NONNULL = YES;
				CLANG_ANALYZER_NUMBER_OBJECT_CONVERSION = YES_AGGRESSIVE;
				CLANG_CXX_LANGUAGE_STANDARD = "gnu++0x";
				CLANG_CXX_LIBRARY = "libc++";
				CLANG_ENABLE_MODULES = YES;
				CLANG_ENABLE_OBJC_ARC = YES;
				CLANG_WARN_BOOL_CONVERSION = YES;
				CLANG_WARN_CONSTANT_CONVERSION = YES;
				CLANG_WARN_DIRECT_OBJC_ISA_USAGE = YES_ERROR;
				CLANG_WARN_DOCUMENTATION_COMMENTS = YES;
				CLANG_WARN_EMPTY_BODY = YES;
				CLANG_WARN_ENUM_CONVERSION = YES;
				CLANG_WARN_INFINITE_RECURSION = YES;
				CLANG_WARN_INT_CONVERSION = YES;
				CLANG_WARN_OBJC_ROOT_CLASS = YES_ERROR;
				CLANG_WARN_SUSPICIOUS_MOVE = YES;
				CLANG_WARN_UNREACHABLE_CODE = YES;
				CLANG_WARN__DUPLICATE_METHOD_MATCH = YES;
				"CODE_SIGN_IDENTITY[sdk=iphoneos*]" = "";
				COPY_PHASE_STRIP = NO;
				DEBUG_INFORMATION_FORMAT = "dwarf-with-dsym";
				ENABLE_NS_ASSERTIONS = NO;
				ENABLE_STRICT_OBJC_MSGSEND = YES;
				GCC_C_LANGUAGE_STANDARD = gnu99;
				GCC_NO_COMMON_BLOCKS = YES;
				GCC_WARN_64_TO_32_BIT_CONVERSION = YES;
				GCC_WARN_ABOUT_RETURN_TYPE = YES_ERROR;
				GCC_WARN_UNDECLARED_SELECTOR = YES;
				GCC_WARN_UNINITIALIZED_AUTOS = YES_AGGRESSIVE;
				GCC_WARN_UNUSED_FUNCTION = YES;
				GCC_WARN_UNUSED_VARIABLE = YES;
				IPHONEOS_DEPLOYMENT_TARGET = 10.3;
				MTL_ENABLE_DEBUG_INFO = NO;
				SDKROOT = iphoneos;
				TARGETED_DEVICE_FAMILY = "1,2";
				VALIDATE_PRODUCT = YES;
			};
			name = Release;
		};
		757F91261F3C4D8600D63D55 /* Debug */ = {
			isa = XCBuildConfiguration;
			buildSettings = {
				ASSETCATALOG_COMPILER_APPICON_NAME = AppIcon;
				"CODE_SIGN_IDENTITY[sdk=iphoneos*]" = "iPhone Developer";
				DEVELOPMENT_TEAM = MGUE6PBM4X;
				INFOPLIST_FILE = SDK_Demo/Info.plist;
				IPHONEOS_DEPLOYMENT_TARGET = 9.0;
				LD_RUNPATH_SEARCH_PATHS = "$(inherited) @executable_path/Frameworks";
				PRODUCT_BUNDLE_IDENTIFIER = "com.monster.SDK-Demo";
				PRODUCT_NAME = "$(TARGET_NAME)";
				PROVISIONING_PROFILE_SPECIFIER = "";
			};
			name = Debug;
		};
		757F91271F3C4D8600D63D55 /* Release */ = {
			isa = XCBuildConfiguration;
			buildSettings = {
				ASSETCATALOG_COMPILER_APPICON_NAME = AppIcon;
				"CODE_SIGN_IDENTITY[sdk=iphoneos*]" = "iPhone Developer";
				DEVELOPMENT_TEAM = MGUE6PBM4X;
				INFOPLIST_FILE = SDK_Demo/Info.plist;
				IPHONEOS_DEPLOYMENT_TARGET = 9.0;
				LD_RUNPATH_SEARCH_PATHS = "$(inherited) @executable_path/Frameworks";
				PRODUCT_BUNDLE_IDENTIFIER = "com.monster.SDK-Demo";
				PRODUCT_NAME = "$(TARGET_NAME)";
				PROVISIONING_PROFILE_SPECIFIER = "";
			};
			name = Release;
		};
/* End XCBuildConfiguration section */

/* Begin XCConfigurationList section */
		757F91091F3C4D8500D63D55 /* Build configuration list for PBXProject "SDK_Demo" */ = {
			isa = XCConfigurationList;
			buildConfigurations = (
				757F91231F3C4D8600D63D55 /* Debug */,
				757F91241F3C4D8600D63D55 /* Release */,
			);
			defaultConfigurationIsVisible = 0;
			defaultConfigurationName = Release;
		};
		757F91251F3C4D8600D63D55 /* Build configuration list for PBXNativeTarget "SDK_Demo" */ = {
			isa = XCConfigurationList;
			buildConfigurations = (
				757F91261F3C4D8600D63D55 /* Debug */,
				757F91271F3C4D8600D63D55 /* Release */,
			);
			defaultConfigurationIsVisible = 0;
			defaultConfigurationName = Release;
		};
/* End XCConfigurationList section */
	};
	rootObject = 757F91061F3C4D8500D63D55 /* Project object */;
}
